
Microsoft Visual Studio Solution File, Format Version 12.00
# Visual Studio 15
VisualStudioVersion = 15.0.26430.13
MinimumVisualStudioVersion = 10.0.40219.1
Project("{FAE04EC0-301F-11D3-BF4B-00C04F79EFBC}") = "Clockwork.Music.Services.HallOfFame.Tests", "Clockwork.Music.Services.HallOfFame.Tests\Clockwork.Music.Services.HallOfFame.Tests.csproj", "{411E7703-2BEB-44F9-A5E6-E23F759FA8E4}"
EndProject
Project("{2150E333-8FDC-42A3-9474-1A3956D46DE8}") = "Solution files", "Solution files", "{4A179D73-AF9D-4210-9232-9CA11FFDE2BC}"
	ProjectSection(SolutionItems) = preProject
		.gitignore = .gitignore
		Readme.md = Readme.md
	EndProjectSection
EndProject
Project("{2150E333-8FDC-42A3-9474-1A3956D46DE8}") = "Data", "Data", "{4F870945-EECD-477C-B0FA-74A9DC84825A}"
	ProjectSection(SolutionItems) = preProject
		Data\hallsoffame.json = Data\hallsoffame.json
	EndProjectSection
EndProject
Project("{FAE04EC0-301F-11D3-BF4B-00C04F79EFBC}") = "Clockwork.Music.Services.HallOfFame.Core", "Clockwork.Music.Services.HallOfFame.Core\Clockwork.Music.Services.HallOfFame.Core.csproj", "{04477A0B-EE35-4F92-B3F7-E9D1D8F89BAF}"
EndProject
Project("{FAE04EC0-301F-11D3-BF4B-00C04F79EFBC}") = "Clockwork.Music.Services.HallOfFame.PublicContracts", "Clockwork.Music.Services.HallOfFame.PublicContracts\Clockwork.Music.Services.HallOfFame.PublicContracts.csproj", "{3DCFE336-C2D5-4371-969F-96466F341ECE}"
EndProject
Global
	GlobalSection(SolutionConfigurationPlatforms) = preSolution
		Debug|Any CPU = Debug|Any CPU
		Release|Any CPU = Release|Any CPU
	EndGlobalSection
	GlobalSection(ProjectConfigurationPlatforms) = postSolution
		{411E7703-2BEB-44F9-A5E6-E23F759FA8E4}.Debug|Any CPU.ActiveCfg = Debug|Any CPU
		{411E7703-2BEB-44F9-A5E6-E23F759FA8E4}.Debug|Any CPU.Build.0 = Debug|Any CPU
		{411E7703-2BEB-44F9-A5E6-E23F759FA8E4}.Release|Any CPU.ActiveCfg = Release|Any CPU
		{411E7703-2BEB-44F9-A5E6-E23F759FA8E4}.Release|Any CPU.Build.0 = Release|Any CPU
		{04477A0B-EE35-4F92-B3F7-E9D1D8F89BAF}.Debug|Any CPU.ActiveCfg = Debug|Any CPU
		{04477A0B-EE35-4F92-B3F7-E9D1D8F89BAF}.Debug|Any CPU.Build.0 = Debug|Any CPU
		{04477A0B-EE35-4F92-B3F7-E9D1D8F89BAF}.Release|Any CPU.ActiveCfg = Release|Any CPU
		{04477A0B-EE35-4F92-B3F7-E9D1D8F89BAF}.Release|Any CPU.Build.0 = Release|Any CPU
		{3DCFE336-C2D5-4371-969F-96466F341ECE}.Debug|Any CPU.ActiveCfg = Debug|Any CPU
		{3DCFE336-C2D5-4371-969F-96466F341ECE}.Debug|Any CPU.Build.0 = Debug|Any CPU
		{3DCFE336-C2D5-4371-969F-96466F341ECE}.Release|Any CPU.ActiveCfg = Release|Any CPU
		{3DCFE336-C2D5-4371-969F-96466F341ECE}.Release|Any CPU.Build.0 = Release|Any CPU
	EndGlobalSection
	GlobalSection(SolutionProperties) = preSolution
		HideSolutionNode = FALSE
	EndGlobalSection
EndGlobal
